// !$*UTF8*$!
{
	archiveVersion = 1;
	classes = {
	};
	objectVersion = 46;
	objects = {

/* Begin PBXBuildFile section */
		2136F0761C1A3B2A00BE26FD /* ParseService.swift in Sources */ = {isa = PBXBuildFile; fileRef = 2136F0751C1A3B2A00BE26FD /* ParseService.swift */; };
		2136F0781C1A3F6300BE26FD /* PostTableViewCell.swift in Sources */ = {isa = PBXBuildFile; fileRef = 2136F0771C1A3F6300BE26FD /* PostTableViewCell.swift */; };
		2172FBED1C11B65E003446AC /* AppDelegate.swift in Sources */ = {isa = PBXBuildFile; fileRef = 2172FBEC1C11B65E003446AC /* AppDelegate.swift */; };
		2172FBF21C11B65E003446AC /* Main.storyboard in Resources */ = {isa = PBXBuildFile; fileRef = 2172FBF01C11B65E003446AC /* Main.storyboard */; };
		2172FBF41C11B65E003446AC /* Assets.xcassets in Resources */ = {isa = PBXBuildFile; fileRef = 2172FBF31C11B65E003446AC /* Assets.xcassets */; };
		2172FBF71C11B65E003446AC /* LaunchScreen.storyboard in Resources */ = {isa = PBXBuildFile; fileRef = 2172FBF51C11B65E003446AC /* LaunchScreen.storyboard */; };
		2172FC021C11CD3A003446AC /* MeViewController.swift in Sources */ = {isa = PBXBuildFile; fileRef = 2172FC011C11CD3A003446AC /* MeViewController.swift */; };
		2172FC041C11CFF9003446AC /* SignUpViewController.swift in Sources */ = {isa = PBXBuildFile; fileRef = 2172FC031C11CFF9003446AC /* SignUpViewController.swift */; };
		2172FC061C11D037003446AC /* LoginViewController.swift in Sources */ = {isa = PBXBuildFile; fileRef = 2172FC051C11D037003446AC /* LoginViewController.swift */; };
		2172FC081C11E073003446AC /* Utilities.swift in Sources */ = {isa = PBXBuildFile; fileRef = 2172FC071C11E073003446AC /* Utilities.swift */; };
		2172FC0A1C123ED9003446AC /* PostViewController.swift in Sources */ = {isa = PBXBuildFile; fileRef = 2172FC091C123ED9003446AC /* PostViewController.swift */; };
		2172FC111C1258B7003446AC /* Extensions.swift in Sources */ = {isa = PBXBuildFile; fileRef = 2172FC101C1258B7003446AC /* Extensions.swift */; };
		21B8CC181C14C63600F629FF /* EmojiView.swift in Sources */ = {isa = PBXBuildFile; fileRef = 21B8CC171C14C63600F629FF /* EmojiView.swift */; };
		21B8CC1A1C14C67600F629FF /* EmojiView.xib in Resources */ = {isa = PBXBuildFile; fileRef = 21B8CC191C14C67600F629FF /* EmojiView.xib */; };
		21B8CC1C1C14D9B600F629FF /* Post.swift in Sources */ = {isa = PBXBuildFile; fileRef = 21B8CC1B1C14D9B600F629FF /* Post.swift */; };
		BB141F1607F2FA1B8B9BFF20 /* Pods_WriteMynd.framework in Frameworks */ = {isa = PBXBuildFile; fileRef = 563CB6A045294B8739D31833 /* Pods_WriteMynd.framework */; };
/* End PBXBuildFile section */

/* Begin PBXFileReference section */
		2136F0751C1A3B2A00BE26FD /* ParseService.swift */ = {isa = PBXFileReference; fileEncoding = 4; lastKnownFileType = sourcecode.swift; path = ParseService.swift; sourceTree = "<group>"; };
		2136F0771C1A3F6300BE26FD /* PostTableViewCell.swift */ = {isa = PBXFileReference; fileEncoding = 4; lastKnownFileType = sourcecode.swift; path = PostTableViewCell.swift; sourceTree = "<group>"; };
		2172FBE91C11B65E003446AC /* WriteMynd.app */ = {isa = PBXFileReference; explicitFileType = wrapper.application; includeInIndex = 0; path = WriteMynd.app; sourceTree = BUILT_PRODUCTS_DIR; };
		2172FBEC1C11B65E003446AC /* AppDelegate.swift */ = {isa = PBXFileReference; lastKnownFileType = sourcecode.swift; path = AppDelegate.swift; sourceTree = "<group>"; };
		2172FBF11C11B65E003446AC /* Base */ = {isa = PBXFileReference; lastKnownFileType = file.storyboard; name = Base; path = Base.lproj/Main.storyboard; sourceTree = "<group>"; };
		2172FBF31C11B65E003446AC /* Assets.xcassets */ = {isa = PBXFileReference; lastKnownFileType = folder.assetcatalog; path = Assets.xcassets; sourceTree = "<group>"; };
		2172FBF61C11B65E003446AC /* Base */ = {isa = PBXFileReference; lastKnownFileType = file.storyboard; name = Base; path = Base.lproj/LaunchScreen.storyboard; sourceTree = "<group>"; };
		2172FBF81C11B65E003446AC /* Info.plist */ = {isa = PBXFileReference; lastKnownFileType = text.plist.xml; path = Info.plist; sourceTree = "<group>"; };
		2172FC011C11CD3A003446AC /* MeViewController.swift */ = {isa = PBXFileReference; fileEncoding = 4; lastKnownFileType = sourcecode.swift; path = MeViewController.swift; sourceTree = "<group>"; };
		2172FC031C11CFF9003446AC /* SignUpViewController.swift */ = {isa = PBXFileReference; fileEncoding = 4; lastKnownFileType = sourcecode.swift; path = SignUpViewController.swift; sourceTree = "<group>"; };
		2172FC051C11D037003446AC /* LoginViewController.swift */ = {isa = PBXFileReference; fileEncoding = 4; lastKnownFileType = sourcecode.swift; path = LoginViewController.swift; sourceTree = "<group>"; };
		2172FC071C11E073003446AC /* Utilities.swift */ = {isa = PBXFileReference; fileEncoding = 4; lastKnownFileType = sourcecode.swift; path = Utilities.swift; sourceTree = "<group>"; };
		2172FC091C123ED9003446AC /* PostViewController.swift */ = {isa = PBXFileReference; fileEncoding = 4; lastKnownFileType = sourcecode.swift; path = PostViewController.swift; sourceTree = "<group>"; };
		2172FC101C1258B7003446AC /* Extensions.swift */ = {isa = PBXFileReference; fileEncoding = 4; lastKnownFileType = sourcecode.swift; path = Extensions.swift; sourceTree = "<group>"; };
		21B8CC151C14B87500F629FF /* WriteMynd-Bridging-Header.h */ = {isa = PBXFileReference; lastKnownFileType = sourcecode.c.h; path = "WriteMynd-Bridging-Header.h"; sourceTree = "<group>"; };
		21B8CC171C14C63600F629FF /* EmojiView.swift */ = {isa = PBXFileReference; fileEncoding = 4; lastKnownFileType = sourcecode.swift; path = EmojiView.swift; sourceTree = "<group>"; };
		21B8CC191C14C67600F629FF /* EmojiView.xib */ = {isa = PBXFileReference; fileEncoding = 4; lastKnownFileType = file.xib; path = EmojiView.xib; sourceTree = "<group>"; };
		21B8CC1B1C14D9B600F629FF /* Post.swift */ = {isa = PBXFileReference; fileEncoding = 4; lastKnownFileType = sourcecode.swift; path = Post.swift; sourceTree = "<group>"; };
		563CB6A045294B8739D31833 /* Pods_WriteMynd.framework */ = {isa = PBXFileReference; explicitFileType = wrapper.framework; includeInIndex = 0; path = Pods_WriteMynd.framework; sourceTree = BUILT_PRODUCTS_DIR; };
		606880F247D5F211339B5F25 /* Pods-WriteMynd.release.xcconfig */ = {isa = PBXFileReference; includeInIndex = 1; lastKnownFileType = text.xcconfig; name = "Pods-WriteMynd.release.xcconfig"; path = "Pods/Target Support Files/Pods-WriteMynd/Pods-WriteMynd.release.xcconfig"; sourceTree = "<group>"; };
		7C3B018CACE0828B4055A83D /* Pods-WriteMynd.debug.xcconfig */ = {isa = PBXFileReference; includeInIndex = 1; lastKnownFileType = text.xcconfig; name = "Pods-WriteMynd.debug.xcconfig"; path = "Pods/Target Support Files/Pods-WriteMynd/Pods-WriteMynd.debug.xcconfig"; sourceTree = "<group>"; };
/* End PBXFileReference section */

/* Begin PBXFrameworksBuildPhase section */
		2172FBE61C11B65E003446AC /* Frameworks */ = {
			isa = PBXFrameworksBuildPhase;
			buildActionMask = 2147483647;
			files = (
				BB141F1607F2FA1B8B9BFF20 /* Pods_WriteMynd.framework in Frameworks */,
			);
			runOnlyForDeploymentPostprocessing = 0;
		};
/* End PBXFrameworksBuildPhase section */

/* Begin PBXGroup section */
		2136F0741C19415500BE26FD /* Models */ = {
			isa = PBXGroup;
			children = (
				21B8CC1B1C14D9B600F629FF /* Post.swift */,
			);
			name = Models;
			sourceTree = "<group>";
		};
		2172FBE01C11B65E003446AC = {
			isa = PBXGroup;
			children = (
				2172FBEB1C11B65E003446AC /* WriteMynd */,
				2172FBEA1C11B65E003446AC /* Products */,
				756C710973A55DA8911697D6 /* Pods */,
				391ED2C4FF89AE84742B1F07 /* Frameworks */,
			);
			sourceTree = "<group>";
		};
		2172FBEA1C11B65E003446AC /* Products */ = {
			isa = PBXGroup;
			children = (
				2172FBE91C11B65E003446AC /* WriteMynd.app */,
			);
			name = Products;
			sourceTree = "<group>";
		};
		2172FBEB1C11B65E003446AC /* WriteMynd */ = {
			isa = PBXGroup;
			children = (
				2136F0741C19415500BE26FD /* Models */,
				2172FC0F1C125823003446AC /* Views */,
				2172FBFE1C11BBBD003446AC /* Controllers */,
				2172FBEC1C11B65E003446AC /* AppDelegate.swift */,
				2172FBF01C11B65E003446AC /* Main.storyboard */,
				2172FBF31C11B65E003446AC /* Assets.xcassets */,
				2172FBF51C11B65E003446AC /* LaunchScreen.storyboard */,
				2172FBF81C11B65E003446AC /* Info.plist */,
				2172FC071C11E073003446AC /* Utilities.swift */,
				2172FC101C1258B7003446AC /* Extensions.swift */,
				21B8CC151C14B87500F629FF /* WriteMynd-Bridging-Header.h */,
				2136F0751C1A3B2A00BE26FD /* ParseService.swift */,
			);
			path = WriteMynd;
			sourceTree = "<group>";
		};
		2172FBFE1C11BBBD003446AC /* Controllers */ = {
			isa = PBXGroup;
			children = (
				2172FC011C11CD3A003446AC /* MeViewController.swift */,
				2172FC031C11CFF9003446AC /* SignUpViewController.swift */,
				2172FC051C11D037003446AC /* LoginViewController.swift */,
				2172FC091C123ED9003446AC /* PostViewController.swift */,
			);
			name = Controllers;
			sourceTree = "<group>";
		};
		2172FC0F1C125823003446AC /* Views */ = {
			isa = PBXGroup;
			children = (
				21B8CC171C14C63600F629FF /* EmojiView.swift */,
				21B8CC191C14C67600F629FF /* EmojiView.xib */,
				2136F0771C1A3F6300BE26FD /* PostTableViewCell.swift */,
			);
			name = Views;
			sourceTree = "<group>";
		};
		391ED2C4FF89AE84742B1F07 /* Frameworks */ = {
			isa = PBXGroup;
			children = (
				563CB6A045294B8739D31833 /* Pods_WriteMynd.framework */,
			);
			name = Frameworks;
			sourceTree = "<group>";
		};
		756C710973A55DA8911697D6 /* Pods */ = {
			isa = PBXGroup;
			children = (
				7C3B018CACE0828B4055A83D /* Pods-WriteMynd.debug.xcconfig */,
				606880F247D5F211339B5F25 /* Pods-WriteMynd.release.xcconfig */,
			);
			name = Pods;
			sourceTree = "<group>";
		};
/* End PBXGroup section */

/* Begin PBXNativeTarget section */
		2172FBE81C11B65E003446AC /* WriteMynd */ = {
			isa = PBXNativeTarget;
			buildConfigurationList = 2172FBFB1C11B65E003446AC /* Build configuration list for PBXNativeTarget "WriteMynd" */;
			buildPhases = (
				F99239D2A1E4E1703EAA5B04 /* Check Pods Manifest.lock */,
				2172FBE51C11B65E003446AC /* Sources */,
				2172FBE61C11B65E003446AC /* Frameworks */,
				2172FBE71C11B65E003446AC /* Resources */,
				D3FD086A39E2B80958A62CB7 /* Embed Pods Frameworks */,
				4ACE3A3DBC811EB3C02B06FB /* Copy Pods Resources */,
			);
			buildRules = (
			);
			dependencies = (
			);
			name = WriteMynd;
			productName = WriteMynd;
			productReference = 2172FBE91C11B65E003446AC /* WriteMynd.app */;
			productType = "com.apple.product-type.application";
		};
/* End PBXNativeTarget section */

/* Begin PBXProject section */
		2172FBE11C11B65E003446AC /* Project object */ = {
			isa = PBXProject;
			attributes = {
				LastSwiftUpdateCheck = 0710;
				LastUpgradeCheck = 0710;
				ORGANIZATIONNAME = "The Leaf";
				TargetAttributes = {
					2172FBE81C11B65E003446AC = {
						CreatedOnToolsVersion = 7.1.1;
					};
				};
			};
			buildConfigurationList = 2172FBE41C11B65E003446AC /* Build configuration list for PBXProject "WriteMynd" */;
			compatibilityVersion = "Xcode 3.2";
			developmentRegion = English;
			hasScannedForEncodings = 0;
			knownRegions = (
				en,
				Base,
			);
			mainGroup = 2172FBE01C11B65E003446AC;
			productRefGroup = 2172FBEA1C11B65E003446AC /* Products */;
			projectDirPath = "";
			projectRoot = "";
			targets = (
				2172FBE81C11B65E003446AC /* WriteMynd */,
			);
		};
/* End PBXProject section */

/* Begin PBXResourcesBuildPhase section */
		2172FBE71C11B65E003446AC /* Resources */ = {
			isa = PBXResourcesBuildPhase;
			buildActionMask = 2147483647;
			files = (
				2172FBF71C11B65E003446AC /* LaunchScreen.storyboard in Resources */,
				21B8CC1A1C14C67600F629FF /* EmojiView.xib in Resources */,
				2172FBF41C11B65E003446AC /* Assets.xcassets in Resources */,
				2172FBF21C11B65E003446AC /* Main.storyboard in Resources */,
			);
			runOnlyForDeploymentPostprocessing = 0;
		};
/* End PBXResourcesBuildPhase section */

/* Begin PBXShellScriptBuildPhase section */
		4ACE3A3DBC811EB3C02B06FB /* Copy Pods Resources */ = {
			isa = PBXShellScriptBuildPhase;
			buildActionMask = 2147483647;
			files = (
			);
			inputPaths = (
			);
			name = "Copy Pods Resources";
			outputPaths = (
			);
			runOnlyForDeploymentPostprocessing = 0;
			shellPath = /bin/sh;
			shellScript = "\"${SRCROOT}/Pods/Target Support Files/Pods-WriteMynd/Pods-WriteMynd-resources.sh\"\n";
			showEnvVarsInLog = 0;
		};
		D3FD086A39E2B80958A62CB7 /* Embed Pods Frameworks */ = {
			isa = PBXShellScriptBuildPhase;
			buildActionMask = 2147483647;
			files = (
			);
			inputPaths = (
			);
			name = "Embed Pods Frameworks";
			outputPaths = (
			);
			runOnlyForDeploymentPostprocessing = 0;
			shellPath = /bin/sh;
			shellScript = "\"${SRCROOT}/Pods/Target Support Files/Pods-WriteMynd/Pods-WriteMynd-frameworks.sh\"\n";
			showEnvVarsInLog = 0;
		};
		F99239D2A1E4E1703EAA5B04 /* Check Pods Manifest.lock */ = {
			isa = PBXShellScriptBuildPhase;
			buildActionMask = 2147483647;
			files = (
			);
			inputPaths = (
			);
			name = "Check Pods Manifest.lock";
			outputPaths = (
			);
			runOnlyForDeploymentPostprocessing = 0;
			shellPath = /bin/sh;
			shellScript = "diff \"${PODS_ROOT}/../Podfile.lock\" \"${PODS_ROOT}/Manifest.lock\" > /dev/null\nif [[ $? != 0 ]] ; then\n    cat << EOM\nerror: The sandbox is not in sync with the Podfile.lock. Run 'pod install' or update your CocoaPods installation.\nEOM\n    exit 1\nfi\n";
			showEnvVarsInLog = 0;
		};
/* End PBXShellScriptBuildPhase section */

/* Begin PBXSourcesBuildPhase section */
		2172FBE51C11B65E003446AC /* Sources */ = {
			isa = PBXSourcesBuildPhase;
			buildActionMask = 2147483647;
			files = (
				2136F0781C1A3F6300BE26FD /* PostTableViewCell.swift in Sources */,
				2172FC0A1C123ED9003446AC /* PostViewController.swift in Sources */,
				21B8CC181C14C63600F629FF /* EmojiView.swift in Sources */,
				2172FC081C11E073003446AC /* Utilities.swift in Sources */,
				2172FC111C1258B7003446AC /* Extensions.swift in Sources */,
				2172FC021C11CD3A003446AC /* MeViewController.swift in Sources */,
				2172FC041C11CFF9003446AC /* SignUpViewController.swift in Sources */,
				21B8CC1C1C14D9B600F629FF /* Post.swift in Sources */,
				2172FC061C11D037003446AC /* LoginViewController.swift in Sources */,
				2172FBED1C11B65E003446AC /* AppDelegate.swift in Sources */,
				2136F0761C1A3B2A00BE26FD /* ParseService.swift in Sources */,
			);
			runOnlyForDeploymentPostprocessing = 0;
		};
/* End PBXSourcesBuildPhase section */

/* Begin PBXVariantGroup section */
		2172FBF01C11B65E003446AC /* Main.storyboard */ = {
			isa = PBXVariantGroup;
			children = (
				2172FBF11C11B65E003446AC /* Base */,
			);
			name = Main.storyboard;
			sourceTree = "<group>";
		};
		2172FBF51C11B65E003446AC /* LaunchScreen.storyboard */ = {
			isa = PBXVariantGroup;
			children = (
				2172FBF61C11B65E003446AC /* Base */,
			);
			name = LaunchScreen.storyboard;
			sourceTree = "<group>";
		};
/* End PBXVariantGroup section */

/* Begin XCBuildConfiguration section */
		2172FBF91C11B65E003446AC /* Debug */ = {
			isa = XCBuildConfiguration;
			buildSettings = {
				ALWAYS_SEARCH_USER_PATHS = NO;
				CLANG_CXX_LANGUAGE_STANDARD = "gnu++0x";
				CLANG_CXX_LIBRARY = "libc++";
				CLANG_ENABLE_MODULES = YES;
				CLANG_ENABLE_OBJC_ARC = YES;
				CLANG_WARN_BOOL_CONVERSION = YES;
				CLANG_WARN_CONSTANT_CONVERSION = YES;
				CLANG_WARN_DIRECT_OBJC_ISA_USAGE = YES_ERROR;
				CLANG_WARN_EMPTY_BODY = YES;
				CLANG_WARN_ENUM_CONVERSION = YES;
				CLANG_WARN_INT_CONVERSION = YES;
				CLANG_WARN_OBJC_ROOT_CLASS = YES_ERROR;
				CLANG_WARN_UNREACHABLE_CODE = YES;
				CLANG_WARN__DUPLICATE_METHOD_MATCH = YES;
				"CODE_SIGN_IDENTITY[sdk=iphoneos*]" = "iPhone Developer";
				COPY_PHASE_STRIP = NO;
				DEBUG_INFORMATION_FORMAT = dwarf;
				ENABLE_STRICT_OBJC_MSGSEND = YES;
				ENABLE_TESTABILITY = YES;
				GCC_C_LANGUAGE_STANDARD = gnu99;
				GCC_DYNAMIC_NO_PIC = NO;
				GCC_NO_COMMON_BLOCKS = YES;
				GCC_OPTIMIZATION_LEVEL = 0;
				GCC_PREPROCESSOR_DEFINITIONS = (
					"DEBUG=1",
					"$(inherited)",
				);
				GCC_WARN_64_TO_32_BIT_CONVERSION = YES;
				GCC_WARN_ABOUT_RETURN_TYPE = YES_ERROR;
				GCC_WARN_UNDECLARED_SELECTOR = YES;
				GCC_WARN_UNINITIALIZED_AUTOS = YES_AGGRESSIVE;
				GCC_WARN_UNUSED_FUNCTION = YES;
				GCC_WARN_UNUSED_VARIABLE = YES;
				IPHONEOS_DEPLOYMENT_TARGET = 9.1;
				MTL_ENABLE_DEBUG_INFO = YES;
				ONLY_ACTIVE_ARCH = YES;
				SDKROOT = iphoneos;
				SWIFT_OPTIMIZATION_LEVEL = "-Onone";
				TARGETED_DEVICE_FAMILY = "1,2";
			};
			name = Debug;
		};
		2172FBFA1C11B65E003446AC /* Release */ = {
			isa = XCBuildConfiguration;
			buildSettings = {
				ALWAYS_SEARCH_USER_PATHS = NO;
				CLANG_CXX_LANGUAGE_STANDARD = "gnu++0x";
				CLANG_CXX_LIBRARY = "libc++";
				CLANG_ENABLE_MODULES = YES;
				CLANG_ENABLE_OBJC_ARC = YES;
				CLANG_WARN_BOOL_CONVERSION = YES;
				CLANG_WARN_CONSTANT_CONVERSION = YES;
				CLANG_WARN_DIRECT_OBJC_ISA_USAGE = YES_ERROR;
				CLANG_WARN_EMPTY_BODY = YES;
				CLANG_WARN_ENUM_CONVERSION = YES;
				CLANG_WARN_INT_CONVERSION = YES;
				CLANG_WARN_OBJC_ROOT_CLASS = YES_ERROR;
				CLANG_WARN_UNREACHABLE_CODE = YES;
				CLANG_WARN__DUPLICATE_METHOD_MATCH = YES;
				"CODE_SIGN_IDENTITY[sdk=iphoneos*]" = "iPhone Developer";
				COPY_PHASE_STRIP = NO;
				DEBUG_INFORMATION_FORMAT = "dwarf-with-dsym";
				ENABLE_NS_ASSERTIONS = NO;
				ENABLE_STRICT_OBJC_MSGSEND = YES;
				GCC_C_LANGUAGE_STANDARD = gnu99;
				GCC_NO_COMMON_BLOCKS = YES;
				GCC_WARN_64_TO_32_BIT_CONVERSION = YES;
				GCC_WARN_ABOUT_RETURN_TYPE = YES_ERROR;
				GCC_WARN_UNDECLARED_SELECTOR = YES;
				GCC_WARN_UNINITIALIZED_AUTOS = YES_AGGRESSIVE;
				GCC_WARN_UNUSED_FUNCTION = YES;
				GCC_WARN_UNUSED_VARIABLE = YES;
				IPHONEOS_DEPLOYMENT_TARGET = 9.1;
				MTL_ENABLE_DEBUG_INFO = NO;
				SDKROOT = iphoneos;
				TARGETED_DEVICE_FAMILY = "1,2";
				VALIDATE_PRODUCT = YES;
			};
			name = Release;
		};
		2172FBFC1C11B65E003446AC /* Debug */ = {
			isa = XCBuildConfiguration;
			baseConfigurationReference = 7C3B018CACE0828B4055A83D /* Pods-WriteMynd.debug.xcconfig */;
			buildSettings = {
				ASSETCATALOG_COMPILER_APPICON_NAME = AppIcon;
				CLANG_ENABLE_MODULES = YES;
				CODE_SIGN_IDENTITY = "iPhone Developer";
				INFOPLIST_FILE = WriteMynd/Info.plist;
				LD_RUNPATH_SEARCH_PATHS = "$(inherited) @executable_path/Frameworks";
				PRODUCT_BUNDLE_IDENTIFIER = com.TheLeaf.WriteMynd;
				PRODUCT_NAME = "$(TARGET_NAME)";
				SWIFT_OBJC_BRIDGING_HEADER = "WriteMynd/WriteMynd-Bridging-Header.h";
				SWIFT_OPTIMIZATION_LEVEL = "-Onone";
				TARGETED_DEVICE_FAMILY = 1;
			};
			name = Debug;
		};
		2172FBFD1C11B65E003446AC /* Release */ = {
			isa = XCBuildConfiguration;
			baseConfigurationReference = 606880F247D5F211339B5F25 /* Pods-WriteMynd.release.xcconfig */;
			buildSettings = {
				ASSETCATALOG_COMPILER_APPICON_NAME = AppIcon;
				CLANG_ENABLE_MODULES = YES;
				CODE_SIGN_IDENTITY = "iPhone Developer";
				INFOPLIST_FILE = WriteMynd/Info.plist;
				LD_RUNPATH_SEARCH_PATHS = "$(inherited) @executable_path/Frameworks";
				PRODUCT_BUNDLE_IDENTIFIER = com.TheLeaf.WriteMynd;
				PRODUCT_NAME = "$(TARGET_NAME)";
				SWIFT_OBJC_BRIDGING_HEADER = "WriteMynd/WriteMynd-Bridging-Header.h";
				TARGETED_DEVICE_FAMILY = 1;
			};
			name = Release;
		};
/* End XCBuildConfiguration section */

/* Begin XCConfigurationList section */
		2172FBE41C11B65E003446AC /* Build configuration list for PBXProject "WriteMynd" */ = {
			isa = XCConfigurationList;
			buildConfigurations = (
				2172FBF91C11B65E003446AC /* Debug */,
				2172FBFA1C11B65E003446AC /* Release */,
			);
			defaultConfigurationIsVisible = 0;
			defaultConfigurationName = Release;
		};
		2172FBFB1C11B65E003446AC /* Build configuration list for PBXNativeTarget "WriteMynd" */ = {
			isa = XCConfigurationList;
			buildConfigurations = (
				2172FBFC1C11B65E003446AC /* Debug */,
				2172FBFD1C11B65E003446AC /* Release */,
			);
			defaultConfigurationIsVisible = 0;
			defaultConfigurationName = Release;
		};
/* End XCConfigurationList section */
	};
	rootObject = 2172FBE11C11B65E003446AC /* Project object */;
}
