PODS:
  - Alamofire (3.4.0)
  - Bolts/Tasks (1.7.0)
  - Charts (2.2.4):
    - Charts/Core (= 2.2.4)
  - Charts/Core (2.2.4)
  - Crashlytics (3.7.2):
    - Fabric (~> 1.6.3)
  - DGElasticPullToRefresh (1.0.3)
  - Fabric (1.6.7)
  - JTImageButton (1.0.2)
  - JTSActionSheet (1.0.1)
  - Mixpanel (2.9.9):
    - Mixpanel/Mixpanel (= 2.9.9)
  - Mixpanel/Mixpanel (2.9.9)
  - MMDrawerController (0.6.0):
    - MMDrawerController/Core (= 0.6.0)
    - MMDrawerController/MMDrawerBarButtonItem (= 0.6.0)
    - MMDrawerController/MMDrawerVisualStates (= 0.6.0)
    - MMDrawerController/Subclass (= 0.6.0)
  - MMDrawerController/Core (0.6.0)
  - MMDrawerController/MMDrawerBarButtonItem (0.6.0):
    - MMDrawerController/Core
  - MMDrawerController/MMDrawerVisualStates (0.6.0):
    - MMDrawerController/Core
  - MMDrawerController/Subclass (0.6.0):
    - MMDrawerController/Core
  - OMGHTTPURLRQ (3.1.2):
    - OMGHTTPURLRQ/RQ (= 3.1.2)
  - OMGHTTPURLRQ/FormURLEncode (3.1.2)
  - OMGHTTPURLRQ/RQ (3.1.2):
    - OMGHTTPURLRQ/FormURLEncode
    - OMGHTTPURLRQ/UserAgent
  - OMGHTTPURLRQ/UserAgent (3.1.2)
  - Pages (0.6.3)
  - Parse (1.13.0):
    - Bolts/Tasks (~> 1.6)
  - ParseUI (1.2.0):
    - Bolts/Tasks (~> 1.3)
    - Parse (~> 1.9)
  - pop (1.0.9)
  - PromiseKit (3.2.0):
    - PromiseKit/Foundation (= 3.2.0)
    - PromiseKit/QuartzCore (= 3.2.0)
    - PromiseKit/UIKit (= 3.2.0)
  - PromiseKit/CorePromise (3.2.0)
  - PromiseKit/Foundation (3.2.0):
    - OMGHTTPURLRQ (~> 3.1.0)
    - PromiseKit/CorePromise
  - PromiseKit/QuartzCore (3.2.0):
    - PromiseKit/CorePromise
  - PromiseKit/UIKit (3.2.0):
    - PromiseKit/CorePromise
  - RMActionController (1.0.5)
  - RMDateSelectionViewController (2.0.3):
    - RMActionController (~> 1.0.5)
  - SnapKit (0.21.0)
  - SwiftDate (3.0.8)
  - SwiftSpinner (0.9.5)
  - SwiftyJSON (2.3.2)
  - SZTextView (1.2.2)
  - ZendeskSDK (1.6.1.1):
    - ZendeskSDK/Providers (= 1.6.1.1)
    - ZendeskSDK/UI (= 1.6.1.1)
  - ZendeskSDK/Providers (1.6.1.1)
  - ZendeskSDK/UI (1.6.1.1):
    - ZendeskSDK/Providers

DEPENDENCIES:
  - Alamofire
  - Charts
  - Crashlytics
  - DGElasticPullToRefresh
  - Fabric
  - JTImageButton
  - JTSActionSheet (~> 1.0.1)
  - Mixpanel
  - MMDrawerController
  - Pages
  - Parse
  - ParseUI
  - pop (~> 1.0)
  - PromiseKit
  - RMDateSelectionViewController (~> 2.0.3)
  - SnapKit (~> 0.21.0)
  - SwiftDate (~> 3.0.8)
  - SwiftSpinner
  - SwiftyJSON
  - SZTextView
  - ZendeskSDK (~> 1.5)

SPEC CHECKSUMS:
  Alamofire: c19a627cefd6a95f840401c49ab1f124e07f54ee
  Bolts: a0058fa3b331c5a1e4402d534f2dae36dbff31e4
  Charts: a9e735c83c6d376ade20f6612dcf0ba217394a49
  Crashlytics: 130ab943f8c78cda7a814b434f270b2e2c8a3cba
  DGElasticPullToRefresh: 040f39ae69840b3261d163fe6735c5901bf851e9
  Fabric: caf7580c725e64db144f610ac65cd60956911dc7
  JTImageButton: d214ff9ee6e01865368a9f749c5a16e6abbf6409
  JTSActionSheet: d7e5350ce63b5ff23ced9db653ed1c768358124e
  Mixpanel: 818d1940c2d9402453b349545022a86968097f57
  MMDrawerController: e3a54a5570388463ad3b36975251575b50c4e1a0
  OMGHTTPURLRQ: 38316b56d88125c600bcdb16df8329147da2b0ee
  Pages: 71e80bc64040f1176297c327d080d80b7e74b38c
  Parse: f51c24d2feb412e4b2d6cc73d37cb24e8d0089bc
  ParseUI: af2eba584799da4a9fbdac0e178662d7438b502e
  pop: f667631a5108a2e60d9e8797c9b32ddaf2080bce
  PromiseKit: 1db024241265f428137a9f3c00ff9590740c4be6
  RMActionController: b83653e7452ed51492094d65dc82151c36443c03
  RMDateSelectionViewController: 354a0f1fe40bac01054528b7a8735f2973bbd813
  SnapKit: 2756fe24b706367af224c9c508d2f9166d03354c
  SwiftDate: 971f8b9394f664f2226b9c3ab64e801a7291c612
  SwiftSpinner: c6585a0ae5c67eb33e737695cce88f0262008cce
  SwiftyJSON: 04ccea08915aa0109039157c7974cf0298da292a
  SZTextView: 3a81174dce0710a9ab069bc73a813e6df53b9c82
  ZendeskSDK: b08a24cdf036a61dc8c680c389b208be4d6dc5ae

PODFILE CHECKSUM: d553a3c72d2eea30b29e6d0ae9de39fd39fadeb6

COCOAPODS: 1.0.0
